
Microsoft Visual Studio Solution File, Format Version 12.00
# Visual Studio Version 17
VisualStudioVersion = 17.1.32328.378
MinimumVisualStudioVersion = 10.0.40219.1
Project("{9A19103F-16F7-4668-BE54-9A1E7A4F7556}") = "HelloChatApp.Server", "HelloChatApp\Server\HelloChatApp.Server.csproj", "{DE88ED48-5B81-410E-83A9-59749D935E31}"
EndProject
Project("{9A19103F-16F7-4668-BE54-9A1E7A4F7556}") = "HelloChatApp.Client", "HelloChatApp\Client\HelloChatApp.Client.csproj", "{ABCF89A3-6372-45FA-91EC-1D6818C1C4B0}"
EndProject
Project("{9A19103F-16F7-4668-BE54-9A1E7A4F7556}") = "HelloChatApp.Shared", "HelloChatApp\Shared\HelloChatApp.Shared.csproj", "{14C896C1-90B2-46D7-A376-76CD5476D99A}"
EndProject
Project("{9A19103F-16F7-4668-BE54-9A1E7A4F7556}") = "HelloChatApp.Tests", "HelloChatApp.Tests\HelloChatApp.Tests.csproj", "{EC350AA7-32A8-44F3-A5DD-B7B02208B555}"
EndProject
Project("{9A19103F-16F7-4668-BE54-9A1E7A4F7556}") = "HelloChatApp.BotConsole", "HelloChatApp.BotConsole\HelloChatApp.BotConsole.csproj", "{DF8E8B31-E0E4-429D-963D-66B3601BC56F}"
EndProject
Global
	GlobalSection(SolutionConfigurationPlatforms) = preSolution
		Debug|Any CPU = Debug|Any CPU
		Release|Any CPU = Release|Any CPU
	EndGlobalSection
	GlobalSection(ProjectConfigurationPlatforms) = postSolution
		{DE88ED48-5B81-410E-83A9-59749D935E31}.Debug|Any CPU.ActiveCfg = Debug|Any CPU
		{DE88ED48-5B81-410E-83A9-59749D935E31}.Debug|Any CPU.Build.0 = Debug|Any CPU
		{DE88ED48-5B81-410E-83A9-59749D935E31}.Release|Any CPU.ActiveCfg = Release|Any CPU
		{DE88ED48-5B81-410E-83A9-59749D935E31}.Release|Any CPU.Build.0 = Release|Any CPU
		{ABCF89A3-6372-45FA-91EC-1D6818C1C4B0}.Debug|Any CPU.ActiveCfg = Debug|Any CPU
		{ABCF89A3-6372-45FA-91EC-1D6818C1C4B0}.Debug|Any CPU.Build.0 = Debug|Any CPU
		{ABCF89A3-6372-45FA-91EC-1D6818C1C4B0}.Release|Any CPU.ActiveCfg = Release|Any CPU
		{ABCF89A3-6372-45FA-91EC-1D6818C1C4B0}.Release|Any CPU.Build.0 = Release|Any CPU
		{14C896C1-90B2-46D7-A376-76CD5476D99A}.Debug|Any CPU.ActiveCfg = Debug|Any CPU
		{14C896C1-90B2-46D7-A376-76CD5476D99A}.Debug|Any CPU.Build.0 = Debug|Any CPU
		{14C896C1-90B2-46D7-A376-76CD5476D99A}.Release|Any CPU.ActiveCfg = Release|Any CPU
		{14C896C1-90B2-46D7-A376-76CD5476D99A}.Release|Any CPU.Build.0 = Release|Any CPU
		{EC350AA7-32A8-44F3-A5DD-B7B02208B555}.Debug|Any CPU.ActiveCfg = Debug|Any CPU
		{EC350AA7-32A8-44F3-A5DD-B7B02208B555}.Debug|Any CPU.Build.0 = Debug|Any CPU
		{EC350AA7-32A8-44F3-A5DD-B7B02208B555}.Release|Any CPU.ActiveCfg = Release|Any CPU
		{EC350AA7-32A8-44F3-A5DD-B7B02208B555}.Release|Any CPU.Build.0 = Release|Any CPU
		{DF8E8B31-E0E4-429D-963D-66B3601BC56F}.Debug|Any CPU.ActiveCfg = Debug|Any CPU
		{DF8E8B31-E0E4-429D-963D-66B3601BC56F}.Debug|Any CPU.Build.0 = Debug|Any CPU
		{DF8E8B31-E0E4-429D-963D-66B3601BC56F}.Release|Any CPU.ActiveCfg = Release|Any CPU
		{DF8E8B31-E0E4-429D-963D-66B3601BC56F}.Release|Any CPU.Build.0 = Release|Any CPU
	EndGlobalSection
	GlobalSection(SolutionProperties) = preSolution
		HideSolutionNode = FALSE
	EndGlobalSection
	GlobalSection(ExtensibilityGlobals) = postSolution
		SolutionGuid = {B7FA52EA-E6E8-4ECA-BF3C-E0F65AB961BB}
	EndGlobalSection
EndGlobal
